// !$*UTF8*$!
{
	archiveVersion = 1;
	classes = {
	};
	objectVersion = 50;
	objects = {

/* Begin PBXBuildFile section */
		3C9A73DE21AE461500731039 /* AppDelegate.m in Sources */ = {isa = PBXBuildFile; fileRef = 3C9A73DD21AE461500731039 /* AppDelegate.m */; };
		3C9A73E121AE461500731039 /* ViewController.m in Sources */ = {isa = PBXBuildFile; fileRef = 3C9A73E021AE461500731039 /* ViewController.m */; };
		3C9A73E421AE461500731039 /* Main.storyboard in Resources */ = {isa = PBXBuildFile; fileRef = 3C9A73E221AE461500731039 /* Main.storyboard */; };
		3C9A73E621AE461600731039 /* Assets.xcassets in Resources */ = {isa = PBXBuildFile; fileRef = 3C9A73E521AE461600731039 /* Assets.xcassets */; };
		3C9A73E921AE461600731039 /* LaunchScreen.storyboard in Resources */ = {isa = PBXBuildFile; fileRef = 3C9A73E721AE461600731039 /* LaunchScreen.storyboard */; };
		3C9A73EC21AE461600731039 /* main.m in Sources */ = {isa = PBXBuildFile; fileRef = 3C9A73EB21AE461600731039 /* main.m */; };
		3C9A73F621AE461600731039 /* HynopsisNerdTests.m in Sources */ = {isa = PBXBuildFile; fileRef = 3C9A73F521AE461600731039 /* HynopsisNerdTests.m */; };
		3C9A740121AE461600731039 /* HynopsisNerdUITests.m in Sources */ = {isa = PBXBuildFile; fileRef = 3C9A740021AE461600731039 /* HynopsisNerdUITests.m */; };
		3C9A741021AE464100731039 /* TTHypnosisView.m in Sources */ = {isa = PBXBuildFile; fileRef = 3C9A740F21AE464100731039 /* TTHypnosisView.m */; };
		3C9A741321AE469B00731039 /* TTHypnosisViewController.m in Sources */ = {isa = PBXBuildFile; fileRef = 3C9A741221AE469B00731039 /* TTHypnosisViewController.m */; };
		3C9A741621AE4EB000731039 /* TTReminderViewController.m in Sources */ = {isa = PBXBuildFile; fileRef = 3C9A741521AE4EB000731039 /* TTReminderViewController.m */; };
		3C9A741921AE78F900731039 /* spiral.png in Resources */ = {isa = PBXBuildFile; fileRef = 3C9A741721AE78F900731039 /* spiral.png */; };
		3C9A741A21AE78F900731039 /* stopwatch.png in Resources */ = {isa = PBXBuildFile; fileRef = 3C9A741821AE78F900731039 /* stopwatch.png */; };
/* End PBXBuildFile section */

/* Begin PBXContainerItemProxy section */
		3C9A73F221AE461600731039 /* PBXContainerItemProxy */ = {
			isa = PBXContainerItemProxy;
			containerPortal = 3C9A73D121AE461500731039 /* Project object */;
			proxyType = 1;
			remoteGlobalIDString = 3C9A73D821AE461500731039;
			remoteInfo = HynopsisNerd;
		};
		3C9A73FD21AE461600731039 /* PBXContainerItemProxy */ = {
			isa = PBXContainerItemProxy;
			containerPortal = 3C9A73D121AE461500731039 /* Project object */;
			proxyType = 1;
			remoteGlobalIDString = 3C9A73D821AE461500731039;
			remoteInfo = HynopsisNerd;
		};
/* End PBXContainerItemProxy section */

/* Begin PBXFileReference section */
		3C9A73D921AE461500731039 /* HynopsisNerd.app */ = {isa = PBXFileReference; explicitFileType = wrapper.application; includeInIndex = 0; path = HynopsisNerd.app; sourceTree = BUILT_PRODUCTS_DIR; };
		3C9A73DC21AE461500731039 /* AppDelegate.h */ = {isa = PBXFileReference; lastKnownFileType = sourcecode.c.h; path = AppDelegate.h; sourceTree = "<group>"; };
		3C9A73DD21AE461500731039 /* AppDelegate.m */ = {isa = PBXFileReference; lastKnownFileType = sourcecode.c.objc; path = AppDelegate.m; sourceTree = "<group>"; };
		3C9A73DF21AE461500731039 /* ViewController.h */ = {isa = PBXFileReference; lastKnownFileType = sourcecode.c.h; path = ViewController.h; sourceTree = "<group>"; };
		3C9A73E021AE461500731039 /* ViewController.m */ = {isa = PBXFileReference; lastKnownFileType = sourcecode.c.objc; path = ViewController.m; sourceTree = "<group>"; };
		3C9A73E321AE461500731039 /* Base */ = {isa = PBXFileReference; lastKnownFileType = file.storyboard; name = Base; path = Base.lproj/Main.storyboard; sourceTree = "<group>"; };
		3C9A73E521AE461600731039 /* Assets.xcassets */ = {isa = PBXFileReference; lastKnownFileType = folder.assetcatalog; path = Assets.xcassets; sourceTree = "<group>"; };
		3C9A73E821AE461600731039 /* Base */ = {isa = PBXFileReference; lastKnownFileType = file.storyboard; name = Base; path = Base.lproj/LaunchScreen.storyboard; sourceTree = "<group>"; };
		3C9A73EA21AE461600731039 /* Info.plist */ = {isa = PBXFileReference; lastKnownFileType = text.plist.xml; path = Info.plist; sourceTree = "<group>"; };
		3C9A73EB21AE461600731039 /* main.m */ = {isa = PBXFileReference; lastKnownFileType = sourcecode.c.objc; path = main.m; sourceTree = "<group>"; };
		3C9A73F121AE461600731039 /* HynopsisNerdTests.xctest */ = {isa = PBXFileReference; explicitFileType = wrapper.cfbundle; includeInIndex = 0; path = HynopsisNerdTests.xctest; sourceTree = BUILT_PRODUCTS_DIR; };
		3C9A73F521AE461600731039 /* HynopsisNerdTests.m */ = {isa = PBXFileReference; lastKnownFileType = sourcecode.c.objc; path = HynopsisNerdTests.m; sourceTree = "<group>"; };
		3C9A73F721AE461600731039 /* Info.plist */ = {isa = PBXFileReference; lastKnownFileType = text.plist.xml; path = Info.plist; sourceTree = "<group>"; };
		3C9A73FC21AE461600731039 /* HynopsisNerdUITests.xctest */ = {isa = PBXFileReference; explicitFileType = wrapper.cfbundle; includeInIndex = 0; path = HynopsisNerdUITests.xctest; sourceTree = BUILT_PRODUCTS_DIR; };
		3C9A740021AE461600731039 /* HynopsisNerdUITests.m */ = {isa = PBXFileReference; lastKnownFileType = sourcecode.c.objc; path = HynopsisNerdUITests.m; sourceTree = "<group>"; };
		3C9A740221AE461600731039 /* Info.plist */ = {isa = PBXFileReference; lastKnownFileType = text.plist.xml; path = Info.plist; sourceTree = "<group>"; };
		3C9A740E21AE464100731039 /* TTHypnosisView.h */ = {isa = PBXFileReference; fileEncoding = 4; lastKnownFileType = sourcecode.c.h; path = TTHypnosisView.h; sourceTree = "<group>"; };
		3C9A740F21AE464100731039 /* TTHypnosisView.m */ = {isa = PBXFileReference; fileEncoding = 4; lastKnownFileType = sourcecode.c.objc; path = TTHypnosisView.m; sourceTree = "<group>"; };
		3C9A741121AE469B00731039 /* TTHypnosisViewController.h */ = {isa = PBXFileReference; lastKnownFileType = sourcecode.c.h; path = TTHypnosisViewController.h; sourceTree = "<group>"; };
		3C9A741221AE469B00731039 /* TTHypnosisViewController.m */ = {isa = PBXFileReference; lastKnownFileType = sourcecode.c.objc; path = TTHypnosisViewController.m; sourceTree = "<group>"; };
		3C9A741421AE4EB000731039 /* TTReminderViewController.h */ = {isa = PBXFileReference; lastKnownFileType = sourcecode.c.h; path = TTReminderViewController.h; sourceTree = "<group>"; };
		3C9A741521AE4EB000731039 /* TTReminderViewController.m */ = {isa = PBXFileReference; lastKnownFileType = sourcecode.c.objc; path = TTReminderViewController.m; sourceTree = "<group>"; };
		3C9A741721AE78F900731039 /* spiral.png */ = {isa = PBXFileReference; lastKnownFileType = image.png; path = spiral.png; sourceTree = "<group>"; };
		3C9A741821AE78F900731039 /* stopwatch.png */ = {isa = PBXFileReference; lastKnownFileType = image.png; path = stopwatch.png; sourceTree = "<group>"; };
/* End PBXFileReference section */

/* Begin PBXFrameworksBuildPhase section */
		3C9A73D621AE461500731039 /* Frameworks */ = {
			isa = PBXFrameworksBuildPhase;
			buildActionMask = 2147483647;
			files = (
			);
			runOnlyForDeploymentPostprocessing = 0;
		};
		3C9A73EE21AE461600731039 /* Frameworks */ = {
			isa = PBXFrameworksBuildPhase;
			buildActionMask = 2147483647;
			files = (
			);
			runOnlyForDeploymentPostprocessing = 0;
		};
		3C9A73F921AE461600731039 /* Frameworks */ = {
			isa = PBXFrameworksBuildPhase;
			buildActionMask = 2147483647;
			files = (
			);
			runOnlyForDeploymentPostprocessing = 0;
		};
/* End PBXFrameworksBuildPhase section */

/* Begin PBXGroup section */
		3C9A73D021AE461500731039 = {
			isa = PBXGroup;
			children = (
				3C9A73DB21AE461500731039 /* HynopsisNerd */,
				3C9A73F421AE461600731039 /* HynopsisNerdTests */,
				3C9A73FF21AE461600731039 /* HynopsisNerdUITests */,
				3C9A73DA21AE461500731039 /* Products */,
			);
			sourceTree = "<group>";
		};
		3C9A73DA21AE461500731039 /* Products */ = {
			isa = PBXGroup;
			children = (
				3C9A73D921AE461500731039 /* HynopsisNerd.app */,
				3C9A73F121AE461600731039 /* HynopsisNerdTests.xctest */,
				3C9A73FC21AE461600731039 /* HynopsisNerdUITests.xctest */,
			);
			name = Products;
			sourceTree = "<group>";
		};
		3C9A73DB21AE461500731039 /* HynopsisNerd */ = {
			isa = PBXGroup;
			children = (
				3C9A741721AE78F900731039 /* spiral.png */,
				3C9A741821AE78F900731039 /* stopwatch.png */,
				3C9A73DC21AE461500731039 /* AppDelegate.h */,
				3C9A73DD21AE461500731039 /* AppDelegate.m */,
				3C9A741121AE469B00731039 /* TTHypnosisViewController.h */,
				3C9A741221AE469B00731039 /* TTHypnosisViewController.m */,
				3C9A73DF21AE461500731039 /* ViewController.h */,
				3C9A73E021AE461500731039 /* ViewController.m */,
				3C9A740E21AE464100731039 /* TTHypnosisView.h */,
				3C9A740F21AE464100731039 /* TTHypnosisView.m */,
				3C9A73E221AE461500731039 /* Main.storyboard */,
				3C9A73E521AE461600731039 /* Assets.xcassets */,
				3C9A73E721AE461600731039 /* LaunchScreen.storyboard */,
				3C9A73EA21AE461600731039 /* Info.plist */,
				3C9A73EB21AE461600731039 /* main.m */,
				3C9A741421AE4EB000731039 /* TTReminderViewController.h */,
				3C9A741521AE4EB000731039 /* TTReminderViewController.m */,
			);
			path = HynopsisNerd;
			sourceTree = "<group>";
		};
		3C9A73F421AE461600731039 /* HynopsisNerdTests */ = {
			isa = PBXGroup;
			children = (
				3C9A73F521AE461600731039 /* HynopsisNerdTests.m */,
				3C9A73F721AE461600731039 /* Info.plist */,
			);
			path = HynopsisNerdTests;
			sourceTree = "<group>";
		};
		3C9A73FF21AE461600731039 /* HynopsisNerdUITests */ = {
			isa = PBXGroup;
			children = (
				3C9A740021AE461600731039 /* HynopsisNerdUITests.m */,
				3C9A740221AE461600731039 /* Info.plist */,
			);
			path = HynopsisNerdUITests;
			sourceTree = "<group>";
		};
/* End PBXGroup section */

/* Begin PBXNativeTarget section */
		3C9A73D821AE461500731039 /* HynopsisNerd */ = {
			isa = PBXNativeTarget;
			buildConfigurationList = 3C9A740521AE461600731039 /* Build configuration list for PBXNativeTarget "HynopsisNerd" */;
			buildPhases = (
				3C9A73D521AE461500731039 /* Sources */,
				3C9A73D621AE461500731039 /* Frameworks */,
				3C9A73D721AE461500731039 /* Resources */,
			);
			buildRules = (
			);
			dependencies = (
			);
			name = HynopsisNerd;
			productName = HynopsisNerd;
			productReference = 3C9A73D921AE461500731039 /* HynopsisNerd.app */;
			productType = "com.apple.product-type.application";
		};
		3C9A73F021AE461600731039 /* HynopsisNerdTests */ = {
			isa = PBXNativeTarget;
			buildConfigurationList = 3C9A740821AE461600731039 /* Build configuration list for PBXNativeTarget "HynopsisNerdTests" */;
			buildPhases = (
				3C9A73ED21AE461600731039 /* Sources */,
				3C9A73EE21AE461600731039 /* Frameworks */,
				3C9A73EF21AE461600731039 /* Resources */,
			);
			buildRules = (
			);
			dependencies = (
				3C9A73F321AE461600731039 /* PBXTargetDependency */,
			);
			name = HynopsisNerdTests;
			productName = HynopsisNerdTests;
			productReference = 3C9A73F121AE461600731039 /* HynopsisNerdTests.xctest */;
			productType = "com.apple.product-type.bundle.unit-test";
		};
		3C9A73FB21AE461600731039 /* HynopsisNerdUITests */ = {
			isa = PBXNativeTarget;
			buildConfigurationList = 3C9A740B21AE461600731039 /* Build configuration list for PBXNativeTarget "HynopsisNerdUITests" */;
			buildPhases = (
				3C9A73F821AE461600731039 /* Sources */,
				3C9A73F921AE461600731039 /* Frameworks */,
				3C9A73FA21AE461600731039 /* Resources */,
			);
			buildRules = (
			);
			dependencies = (
				3C9A73FE21AE461600731039 /* PBXTargetDependency */,
			);
			name = HynopsisNerdUITests;
			productName = HynopsisNerdUITests;
			productReference = 3C9A73FC21AE461600731039 /* HynopsisNerdUITests.xctest */;
			productType = "com.apple.product-type.bundle.ui-testing";
		};
/* End PBXNativeTarget section */

/* Begin PBXProject section */
		3C9A73D121AE461500731039 /* Project object */ = {
			isa = PBXProject;
			attributes = {
				LastUpgradeCheck = 1010;
				ORGANIZATIONNAME = TT;
				TargetAttributes = {
					3C9A73D821AE461500731039 = {
						CreatedOnToolsVersion = 10.1;
					};
					3C9A73F021AE461600731039 = {
						CreatedOnToolsVersion = 10.1;
						TestTargetID = 3C9A73D821AE461500731039;
					};
					3C9A73FB21AE461600731039 = {
						CreatedOnToolsVersion = 10.1;
						TestTargetID = 3C9A73D821AE461500731039;
					};
				};
			};
			buildConfigurationList = 3C9A73D421AE461500731039 /* Build configuration list for PBXProject "HynopsisNerd" */;
			compatibilityVersion = "Xcode 9.3";
			developmentRegion = en;
			hasScannedForEncodings = 0;
			knownRegions = (
				en,
				Base,
			);
			mainGroup = 3C9A73D021AE461500731039;
			productRefGroup = 3C9A73DA21AE461500731039 /* Products */;
			projectDirPath = "";
			projectRoot = "";
			targets = (
				3C9A73D821AE461500731039 /* HynopsisNerd */,
				3C9A73F021AE461600731039 /* HynopsisNerdTests */,
				3C9A73FB21AE461600731039 /* HynopsisNerdUITests */,
			);
		};
/* End PBXProject section */

/* Begin PBXResourcesBuildPhase section */
		3C9A73D721AE461500731039 /* Resources */ = {
			isa = PBXResourcesBuildPhase;
			buildActionMask = 2147483647;
			files = (
				3C9A741921AE78F900731039 /* spiral.png in Resources */,
				3C9A73E921AE461600731039 /* LaunchScreen.storyboard in Resources */,
				3C9A73E621AE461600731039 /* Assets.xcassets in Resources */,
				3C9A73E421AE461500731039 /* Main.storyboard in Resources */,
				3C9A741A21AE78F900731039 /* stopwatch.png in Resources */,
			);
			runOnlyForDeploymentPostprocessing = 0;
		};
		3C9A73EF21AE461600731039 /* Resources */ = {
			isa = PBXResourcesBuildPhase;
			buildActionMask = 2147483647;
			files = (
			);
			runOnlyForDeploymentPostprocessing = 0;
		};
		3C9A73FA21AE461600731039 /* Resources */ = {
			isa = PBXResourcesBuildPhase;
			buildActionMask = 2147483647;
			files = (
			);
			runOnlyForDeploymentPostprocessing = 0;
		};
/* End PBXResourcesBuildPhase section */

/* Begin PBXSourcesBuildPhase section */
		3C9A73D521AE461500731039 /* Sources */ = {
			isa = PBXSourcesBuildPhase;
			buildActionMask = 2147483647;
			files = (
				3C9A73E121AE461500731039 /* ViewController.m in Sources */,
				3C9A73EC21AE461600731039 /* main.m in Sources */,
				3C9A73DE21AE461500731039 /* AppDelegate.m in Sources */,
				3C9A741321AE469B00731039 /* TTHypnosisViewController.m in Sources */,
				3C9A741621AE4EB000731039 /* TTReminderViewController.m in Sources */,
				3C9A741021AE464100731039 /* TTHypnosisView.m in Sources */,
			);
			runOnlyForDeploymentPostprocessing = 0;
		};
		3C9A73ED21AE461600731039 /* Sources */ = {
			isa = PBXSourcesBuildPhase;
			buildActionMask = 2147483647;
			files = (
				3C9A73F621AE461600731039 /* HynopsisNerdTests.m in Sources */,
			);
			runOnlyForDeploymentPostprocessing = 0;
		};
		3C9A73F821AE461600731039 /* Sources */ = {
			isa = PBXSourcesBuildPhase;
			buildActionMask = 2147483647;
			files = (
				3C9A740121AE461600731039 /* HynopsisNerdUITests.m in Sources */,
			);
			runOnlyForDeploymentPostprocessing = 0;
		};
/* End PBXSourcesBuildPhase section */

/* Begin PBXTargetDependency section */
		3C9A73F321AE461600731039 /* PBXTargetDependency */ = {
			isa = PBXTargetDependency;
			target = 3C9A73D821AE461500731039 /* HynopsisNerd */;
			targetProxy = 3C9A73F221AE461600731039 /* PBXContainerItemProxy */;
		};
		3C9A73FE21AE461600731039 /* PBXTargetDependency */ = {
			isa = PBXTargetDependency;
			target = 3C9A73D821AE461500731039 /* HynopsisNerd */;
			targetProxy = 3C9A73FD21AE461600731039 /* PBXContainerItemProxy */;
		};
/* End PBXTargetDependency section */

/* Begin PBXVariantGroup section */
		3C9A73E221AE461500731039 /* Main.storyboard */ = {
			isa = PBXVariantGroup;
			children = (
				3C9A73E321AE461500731039 /* Base */,
			);
			name = Main.storyboard;
			sourceTree = "<group>";
		};
		3C9A73E721AE461600731039 /* LaunchScreen.storyboard */ = {
			isa = PBXVariantGroup;
			children = (
				3C9A73E821AE461600731039 /* Base */,
			);
			name = LaunchScreen.storyboard;
			sourceTree = "<group>";
		};
/* End PBXVariantGroup section */

/* Begin XCBuildConfiguration section */
		3C9A740321AE461600731039 /* Debug */ = {
			isa = XCBuildConfiguration;
			buildSettings = {
				ALWAYS_SEARCH_USER_PATHS = NO;
				CLANG_ANALYZER_NONNULL = YES;
				CLANG_ANALYZER_NUMBER_OBJECT_CONVERSION = YES_AGGRESSIVE;
				CLANG_CXX_LANGUAGE_STANDARD = "gnu++14";
				CLANG_CXX_LIBRARY = "libc++";
				CLANG_ENABLE_MODULES = YES;
				CLANG_ENABLE_OBJC_ARC = YES;
				CLANG_ENABLE_OBJC_WEAK = YES;
				CLANG_WARN_BLOCK_CAPTURE_AUTORELEASING = YES;
				CLANG_WARN_BOOL_CONVERSION = YES;
				CLANG_WARN_COMMA = YES;
				CLANG_WARN_CONSTANT_CONVERSION = YES;
				CLANG_WARN_DEPRECATED_OBJC_IMPLEMENTATIONS = YES;
				CLANG_WARN_DIRECT_OBJC_ISA_USAGE = YES_ERROR;
				CLANG_WARN_DOCUMENTATION_COMMENTS = YES;
				CLANG_WARN_EMPTY_BODY = YES;
				CLANG_WARN_ENUM_CONVERSION = YES;
				CLANG_WARN_INFINITE_RECURSION = YES;
				CLANG_WARN_INT_CONVERSION = YES;
				CLANG_WARN_NON_LITERAL_NULL_CONVERSION = YES;
				CLANG_WARN_OBJC_IMPLICIT_RETAIN_SELF = YES;
				CLANG_WARN_OBJC_LITERAL_CONVERSION = YES;
				CLANG_WARN_OBJC_ROOT_CLASS = YES_ERROR;
				CLANG_WARN_RANGE_LOOP_ANALYSIS = YES;
				CLANG_WARN_STRICT_PROTOTYPES = YES;
				CLANG_WARN_SUSPICIOUS_MOVE = YES;
				CLANG_WARN_UNGUARDED_AVAILABILITY = YES_AGGRESSIVE;
				CLANG_WARN_UNREACHABLE_CODE = YES;
				CLANG_WARN__DUPLICATE_METHOD_MATCH = YES;
				CODE_SIGN_IDENTITY = "iPhone Developer";
				COPY_PHASE_STRIP = NO;
				DEBUG_INFORMATION_FORMAT = dwarf;
				ENABLE_STRICT_OBJC_MSGSEND = YES;
				ENABLE_TESTABILITY = YES;
				GCC_C_LANGUAGE_STANDARD = gnu11;
				GCC_DYNAMIC_NO_PIC = NO;
				GCC_NO_COMMON_BLOCKS = YES;
				GCC_OPTIMIZATION_LEVEL = 0;
				GCC_PREPROCESSOR_DEFINITIONS = (
					"DEBUG=1",
					"$(inherited)",
				);
				GCC_WARN_64_TO_32_BIT_CONVERSION = YES;
				GCC_WARN_ABOUT_RETURN_TYPE = YES_ERROR;
				GCC_WARN_UNDECLARED_SELECTOR = YES;
				GCC_WARN_UNINITIALIZED_AUTOS = YES_AGGRESSIVE;
				GCC_WARN_UNUSED_FUNCTION = YES;
				GCC_WARN_UNUSED_VARIABLE = YES;
				IPHONEOS_DEPLOYMENT_TARGET = 12.1;
				MTL_ENABLE_DEBUG_INFO = INCLUDE_SOURCE;
				MTL_FAST_MATH = YES;
				ONLY_ACTIVE_ARCH = YES;
				SDKROOT = iphoneos;
			};
			name = Debug;
		};
		3C9A740421AE461600731039 /* Release */ = {
			isa = XCBuildConfiguration;
			buildSettings = {
				ALWAYS_SEARCH_USER_PATHS = NO;
				CLANG_ANALYZER_NONNULL = YES;
				CLANG_ANALYZER_NUMBER_OBJECT_CONVERSION = YES_AGGRESSIVE;
				CLANG_CXX_LANGUAGE_STANDARD = "gnu++14";
				CLANG_CXX_LIBRARY = "libc++";
				CLANG_ENABLE_MODULES = YES;
				CLANG_ENABLE_OBJC_ARC = YES;
				CLANG_ENABLE_OBJC_WEAK = YES;
				CLANG_WARN_BLOCK_CAPTURE_AUTORELEASING = YES;
				CLANG_WARN_BOOL_CONVERSION = YES;
				CLANG_WARN_COMMA = YES;
				CLANG_WARN_CONSTANT_CONVERSION = YES;
				CLANG_WARN_DEPRECATED_OBJC_IMPLEMENTATIONS = YES;
				CLANG_WARN_DIRECT_OBJC_ISA_USAGE = YES_ERROR;
				CLANG_WARN_DOCUMENTATION_COMMENTS = YES;
				CLANG_WARN_EMPTY_BODY = YES;
				CLANG_WARN_ENUM_CONVERSION = YES;
				CLANG_WARN_INFINITE_RECURSION = YES;
				CLANG_WARN_INT_CONVERSION = YES;
				CLANG_WARN_NON_LITERAL_NULL_CONVERSION = YES;
				CLANG_WARN_OBJC_IMPLICIT_RETAIN_SELF = YES;
				CLANG_WARN_OBJC_LITERAL_CONVERSION = YES;
				CLANG_WARN_OBJC_ROOT_CLASS = YES_ERROR;
				CLANG_WARN_RANGE_LOOP_ANALYSIS = YES;
				CLANG_WARN_STRICT_PROTOTYPES = YES;
				CLANG_WARN_SUSPICIOUS_MOVE = YES;
				CLANG_WARN_UNGUARDED_AVAILABILITY = YES_AGGRESSIVE;
				CLANG_WARN_UNREACHABLE_CODE = YES;
				CLANG_WARN__DUPLICATE_METHOD_MATCH = YES;
				CODE_SIGN_IDENTITY = "iPhone Developer";
				COPY_PHASE_STRIP = NO;
				DEBUG_INFORMATION_FORMAT = "dwarf-with-dsym";
				ENABLE_NS_ASSERTIONS = NO;
				ENABLE_STRICT_OBJC_MSGSEND = YES;
				GCC_C_LANGUAGE_STANDARD = gnu11;
				GCC_NO_COMMON_BLOCKS = YES;
				GCC_WARN_64_TO_32_BIT_CONVERSION = YES;
				GCC_WARN_ABOUT_RETURN_TYPE = YES_ERROR;
				GCC_WARN_UNDECLARED_SELECTOR = YES;
				GCC_WARN_UNINITIALIZED_AUTOS = YES_AGGRESSIVE;
				GCC_WARN_UNUSED_FUNCTION = YES;
				GCC_WARN_UNUSED_VARIABLE = YES;
				IPHONEOS_DEPLOYMENT_TARGET = 12.1;
				MTL_ENABLE_DEBUG_INFO = NO;
				MTL_FAST_MATH = YES;
				SDKROOT = iphoneos;
				VALIDATE_PRODUCT = YES;
			};
			name = Release;
		};
		3C9A740621AE461600731039 /* Debug */ = {
			isa = XCBuildConfiguration;
			buildSettings = {
				ASSETCATALOG_COMPILER_APPICON_NAME = AppIcon;
				CODE_SIGN_STYLE = Automatic;
				DEVELOPMENT_TEAM = 9TDQK5H9WT;
				INFOPLIST_FILE = HynopsisNerd/Info.plist;
				LD_RUNPATH_SEARCH_PATHS = (
					"$(inherited)",
					"@executable_path/Frameworks",
				);
				PRODUCT_BUNDLE_IDENTIFIER = iOSLearning.HynopsisNerd;
				PRODUCT_NAME = "$(TARGET_NAME)";
				TARGETED_DEVICE_FAMILY = "1,2";
			};
			name = Debug;
		};
		3C9A740721AE461600731039 /* Release */ = {
			isa = XCBuildConfiguration;
			buildSettings = {
				ASSETCATALOG_COMPILER_APPICON_NAME = AppIcon;
				CODE_SIGN_STYLE = Automatic;
				DEVELOPMENT_TEAM = 9TDQK5H9WT;
				INFOPLIST_FILE = HynopsisNerd/Info.plist;
				LD_RUNPATH_SEARCH_PATHS = (
					"$(inherited)",
					"@executable_path/Frameworks",
				);
				PRODUCT_BUNDLE_IDENTIFIER = iOSLearning.HynopsisNerd;
				PRODUCT_NAME = "$(TARGET_NAME)";
				TARGETED_DEVICE_FAMILY = "1,2";
			};
			name = Release;
		};
		3C9A740921AE461600731039 /* Debug */ = {
			isa = XCBuildConfiguration;
			buildSettings = {
				BUNDLE_LOADER = "$(TEST_HOST)";
				CODE_SIGN_STYLE = Automatic;
				DEVELOPMENT_TEAM = 9TDQK5H9WT;
				INFOPLIST_FILE = HynopsisNerdTests/Info.plist;
				LD_RUNPATH_SEARCH_PATHS = (
					"$(inherited)",
					"@executable_path/Frameworks",
					"@loader_path/Frameworks",
				);
				PRODUCT_BUNDLE_IDENTIFIER = iOSLearning.HynopsisNerdTests;
				PRODUCT_NAME = "$(TARGET_NAME)";
				TARGETED_DEVICE_FAMILY = "1,2";
				TEST_HOST = "$(BUILT_PRODUCTS_DIR)/HynopsisNerd.app/HynopsisNerd";
			};
			name = Debug;
		};
		3C9A740A21AE461600731039 /* Release */ = {
			isa = XCBuildConfiguration;
			buildSettings = {
				BUNDLE_LOADER = "$(TEST_HOST)";
				CODE_SIGN_STYLE = Automatic;
				DEVELOPMENT_TEAM = 9TDQK5H9WT;
				INFOPLIST_FILE = HynopsisNerdTests/Info.plist;
				LD_RUNPATH_SEARCH_PATHS = (
					"$(inherited)",
					"@executable_path/Frameworks",
					"@loader_path/Frameworks",
				);
				PRODUCT_BUNDLE_IDENTIFIER = iOSLearning.HynopsisNerdTests;
				PRODUCT_NAME = "$(TARGET_NAME)";
				TARGETED_DEVICE_FAMILY = "1,2";
				TEST_HOST = "$(BUILT_PRODUCTS_DIR)/HynopsisNerd.app/HynopsisNerd";
			};
			name = Release;
		};
		3C9A740C21AE461600731039 /* Debug */ = {
			isa = XCBuildConfiguration;
			buildSettings = {
				CODE_SIGN_STYLE = Automatic;
				DEVELOPMENT_TEAM = 9TDQK5H9WT;
				INFOPLIST_FILE = HynopsisNerdUITests/Info.plist;
				LD_RUNPATH_SEARCH_PATHS = (
					"$(inherited)",
					"@executable_path/Frameworks",
					"@loader_path/Frameworks",
				);
				PRODUCT_BUNDLE_IDENTIFIER = iOSLearning.HynopsisNerdUITests;
				PRODUCT_NAME = "$(TARGET_NAME)";
				TARGETED_DEVICE_FAMILY = "1,2";
				TEST_TARGET_NAME = HynopsisNerd;
			};
			name = Debug;
		};
		3C9A740D21AE461600731039 /* Release */ = {
			isa = XCBuildConfiguration;
			buildSettings = {
				CODE_SIGN_STYLE = Automatic;
				DEVELOPMENT_TEAM = 9TDQK5H9WT;
				INFOPLIST_FILE = HynopsisNerdUITests/Info.plist;
				LD_RUNPATH_SEARCH_PATHS = (
					"$(inherited)",
					"@executable_path/Frameworks",
					"@loader_path/Frameworks",
				);
				PRODUCT_BUNDLE_IDENTIFIER = iOSLearning.HynopsisNerdUITests;
				PRODUCT_NAME = "$(TARGET_NAME)";
				TARGETED_DEVICE_FAMILY = "1,2";
				TEST_TARGET_NAME = HynopsisNerd;
			};
			name = Release;
		};
/* End XCBuildConfiguration section */

/* Begin XCConfigurationList section */
		3C9A73D421AE461500731039 /* Build configuration list for PBXProject "HynopsisNerd" */ = {
			isa = XCConfigurationList;
			buildConfigurations = (
				3C9A740321AE461600731039 /* Debug */,
				3C9A740421AE461600731039 /* Release */,
			);
			defaultConfigurationIsVisible = 0;
			defaultConfigurationName = Release;
		};
		3C9A740521AE461600731039 /* Build configuration list for PBXNativeTarget "HynopsisNerd" */ = {
			isa = XCConfigurationList;
			buildConfigurations = (
				3C9A740621AE461600731039 /* Debug */,
				3C9A740721AE461600731039 /* Release */,
			);
			defaultConfigurationIsVisible = 0;
			defaultConfigurationName = Release;
		};
		3C9A740821AE461600731039 /* Build configuration list for PBXNativeTarget "HynopsisNerdTests" */ = {
			isa = XCConfigurationList;
			buildConfigurations = (
				3C9A740921AE461600731039 /* Debug */,
				3C9A740A21AE461600731039 /* Release */,
			);
			defaultConfigurationIsVisible = 0;
			defaultConfigurationName = Release;
		};
		3C9A740B21AE461600731039 /* Build configuration list for PBXNativeTarget "HynopsisNerdUITests" */ = {
			isa = XCConfigurationList;
			buildConfigurations = (
				3C9A740C21AE461600731039 /* Debug */,
				3C9A740D21AE461600731039 /* Release */,
			);
			defaultConfigurationIsVisible = 0;
			defaultConfigurationName = Release;
		};
/* End XCConfigurationList section */
	};
	rootObject = 3C9A73D121AE461500731039 /* Project object */;
}
